
Microsoft Visual Studio Solution File, Format Version 12.00
# Visual Studio Version 17
VisualStudioVersion = 17.3.32901.215
MinimumVisualStudioVersion = 10.0.40219.1
Project("{FAE04EC0-301F-11D3-BF4B-00C04F79EFBC}") = "Programinha", "Programinha\Programinha.csproj", "{1711CDE9-705E-479A-B9B7-81ABFE3ABCE6}"
EndProject
Global
	GlobalSection(SolutionConfigurationPlatforms) = preSolution
		Debug|Any CPU = Debug|Any CPU
		Release|Any CPU = Release|Any CPU
	EndGlobalSection
	GlobalSection(ProjectConfigurationPlatforms) = postSolution
		{1711CDE9-705E-479A-B9B7-81ABFE3ABCE6}.Debug|Any CPU.ActiveCfg = Debug|Any CPU
		{1711CDE9-705E-479A-B9B7-81ABFE3ABCE6}.Debug|Any CPU.Build.0 = Debug|Any CPU
		{1711CDE9-705E-479A-B9B7-81ABFE3ABCE6}.Release|Any CPU.ActiveCfg = Release|Any CPU
		{1711CDE9-705E-479A-B9B7-81ABFE3ABCE6}.Release|Any CPU.Build.0 = Release|Any CPU
	EndGlobalSection
	GlobalSection(SolutionProperties) = preSolution
		HideSolutionNode = FALSE
	EndGlobalSection
	GlobalSection(ExtensibilityGlobals) = postSolution
		SolutionGuid = {E7E3359F-8E59-4A51-A8AA-2E68705673DE}
	EndGlobalSection
EndGlobal
