
Microsoft Visual Studio Solution File, Format Version 12.00
# Visual Studio Version 17
VisualStudioVersion = 17.3.32901.215
MinimumVisualStudioVersion = 10.0.40219.1
Project("{FAE04EC0-301F-11D3-BF4B-00C04F79EFBC}") = "Funções", "Funções\Funções.csproj", "{A912E3C4-159B-454D-AF59-F895CB416EF2}"
EndProject
Global
	GlobalSection(SolutionConfigurationPlatforms) = preSolution
		Debug|Any CPU = Debug|Any CPU
		Release|Any CPU = Release|Any CPU
	EndGlobalSection
	GlobalSection(ProjectConfigurationPlatforms) = postSolution
		{A912E3C4-159B-454D-AF59-F895CB416EF2}.Debug|Any CPU.ActiveCfg = Debug|Any CPU
		{A912E3C4-159B-454D-AF59-F895CB416EF2}.Debug|Any CPU.Build.0 = Debug|Any CPU
		{A912E3C4-159B-454D-AF59-F895CB416EF2}.Release|Any CPU.ActiveCfg = Release|Any CPU
		{A912E3C4-159B-454D-AF59-F895CB416EF2}.Release|Any CPU.Build.0 = Release|Any CPU
	EndGlobalSection
	GlobalSection(SolutionProperties) = preSolution
		HideSolutionNode = FALSE
	EndGlobalSection
	GlobalSection(ExtensibilityGlobals) = postSolution
		SolutionGuid = {F1FEE6FE-882C-4561-B07C-0EB17D06F2D1}
	EndGlobalSection
EndGlobal
